
Microsoft Visual Studio Solution File, Format Version 12.00
# Visual Studio Version 17
VisualStudioVersion = 17.0.31903.59
MinimumVisualStudioVersion = 10.0.40219.1
Project("{FAE04EC0-301F-11D3-BF4B-00C04F79EFBC}") = "RecipeApi.Web", "RecipeApi.Web\RecipeApi.Web.csproj", "{5B56EC61-EB7B-48E8-98C6-AF5C7719E57B}"
EndProject
Project("{FAE04EC0-301F-11D3-BF4B-00C04F79EFBC}") = "RecipeApi.Test", "RecipeApi.Test\RecipeApi.Test.csproj", "{50F1FD48-0D13-49B8-8D93-BB0D92A36242}"
EndProject
Global
	GlobalSection(SolutionConfigurationPlatforms) = preSolution
		Debug|Any CPU = Debug|Any CPU
		Release|Any CPU = Release|Any CPU
	EndGlobalSection
	GlobalSection(SolutionProperties) = preSolution
		HideSolutionNode = FALSE
	EndGlobalSection
	GlobalSection(ProjectConfigurationPlatforms) = postSolution
		{5B56EC61-EB7B-48E8-98C6-AF5C7719E57B}.Debug|Any CPU.ActiveCfg = Debug|Any CPU
		{5B56EC61-EB7B-48E8-98C6-AF5C7719E57B}.Debug|Any CPU.Build.0 = Debug|Any CPU
		{5B56EC61-EB7B-48E8-98C6-AF5C7719E57B}.Release|Any CPU.ActiveCfg = Release|Any CPU
		{5B56EC61-EB7B-48E8-98C6-AF5C7719E57B}.Release|Any CPU.Build.0 = Release|Any CPU
		{50F1FD48-0D13-49B8-8D93-BB0D92A36242}.Debug|Any CPU.ActiveCfg = Debug|Any CPU
		{50F1FD48-0D13-49B8-8D93-BB0D92A36242}.Debug|Any CPU.Build.0 = Debug|Any CPU
		{50F1FD48-0D13-49B8-8D93-BB0D92A36242}.Release|Any CPU.ActiveCfg = Release|Any CPU
		{50F1FD48-0D13-49B8-8D93-BB0D92A36242}.Release|Any CPU.Build.0 = Release|Any CPU
	EndGlobalSection
EndGlobal
